// !$*UTF8*$!
{
	archiveVersion = 1;
	classes = {
	};
	objectVersion = 77;
	objects = {

/* Begin PBXBuildFile section */
		592DE24830248DF000A6C486 /* RemoteWidgetControl.swift in Sources */ = {isa = PBXBuildFile; fileRef = 599DD0BF302487DF00E2857C /* RemoteWidgetControl.swift */; };
		592DE24930248DF000A6C486 /* RemoteWidget.swift in Sources */ = {isa = PBXBuildFile; fileRef = 599DD0BD302487DF00E2857C /* RemoteWidget.swift */; };
		592DE24A30248DF000A6C486 /* RemoteWidgetBundle.swift in Sources */ = {isa = PBXBuildFile; fileRef = 599DD0BE302487DF00E2857C /* RemoteWidgetBundle.swift */; };
		592DE24B30248DF000A6C486 /* AppIntent.swift in Sources */ = {isa = PBXBuildFile; fileRef = 599DD0BA302487DF00E2857C /* AppIntent.swift */; };
		5996E2C4301E4F3500D4864A /* WidgetKit.framework in Frameworks */ = {isa = PBXBuildFile; fileRef = 5996E2C3301E4F3500D4864A /* WidgetKit.framework */; };
		5996E2C6301E4F3500D4864A /* SwiftUI.framework in Frameworks */ = {isa = PBXBuildFile; fileRef = 5996E2C5301E4F3500D4864A /* SwiftUI.framework */; };
		5996E2D5301E4F3700D4864A /* RemoteExtension.appex in Embed Foundation Extensions */ = {isa = PBXBuildFile; fileRef = 5996E2C1301E4F3500D4864A /* RemoteExtension.appex */; settings = {ATTRIBUTES = (RemoveHeadersOnCopy, ); }; };
		599DD0C2302487DF00E2857C /* Assets.xcassets 10-13-37-708.xcassets in Resources */ = {isa = PBXBuildFile; fileRef = 599DD0BB302487DF00E2857C /* Assets.xcassets 10-13-37-708.xcassets */; };
		59C405C83011603700B8CEAE /* BoatRemote Watch App.app in Embed Watch Content */ = {isa = PBXBuildFile; fileRef = 59C405C73011603700B8CEAE /* BoatRemote Watch App.app */; settings = {ATTRIBUTES = (RemoveHeadersOnCopy, ); }; };
/* End PBXBuildFile section */

/* Begin PBXContainerItemProxy section */
		5996E2D3301E4F3700D4864A /* PBXContainerItemProxy */ = {
			isa = PBXContainerItemProxy;
			containerPortal = 59C405BB3011603700B8CEAE /* Project object */;
			proxyType = 1;
			remoteGlobalIDString = 5996E2C0301E4F3500D4864A;
			remoteInfo = RemoteExtension;
		};
		59C405C93011603700B8CEAE /* PBXContainerItemProxy */ = {
			isa = PBXContainerItemProxy;
			containerPortal = 59C405BB3011603700B8CEAE /* Project object */;
			proxyType = 1;
			remoteGlobalIDString = 59C405C63011603700B8CEAE;
			remoteInfo = "BoatRemote Watch App";
		};
/* End PBXContainerItemProxy section */

/* Begin PBXCopyFilesBuildPhase section */
		5996E2DA301E4F3700D4864A /* Embed Foundation Extensions */ = {
			isa = PBXCopyFilesBuildPhase;
			buildActionMask = 2147483647;
			dstPath = "";
			dstSubfolderSpec = 13;
			files = (
				5996E2D5301E4F3700D4864A /* RemoteExtension.appex in Embed Foundation Extensions */,
			);
			name = "Embed Foundation Extensions";
			runOnlyForDeploymentPostprocessing = 0;
		};
		59C405D73011603A00B8CEAE /* Embed Watch Content */ = {
			isa = PBXCopyFilesBuildPhase;
			buildActionMask = 2147483647;
			dstPath = "$(CONTENTS_FOLDER_PATH)/Watch";
			dstSubfolderSpec = 16;
			files = (
				59C405C83011603700B8CEAE /* BoatRemote Watch App.app in Embed Watch Content */,
			);
			name = "Embed Watch Content";
			runOnlyForDeploymentPostprocessing = 0;
		};
/* End PBXCopyFilesBuildPhase section */

/* Begin PBXFileReference section */
		5996E2C1301E4F3500D4864A /* RemoteExtension.appex */ = {isa = PBXFileReference; explicitFileType = "wrapper.app-extension"; includeInIndex = 0; path = RemoteExtension.appex; sourceTree = BUILT_PRODUCTS_DIR; };
		5996E2C3301E4F3500D4864A /* WidgetKit.framework */ = {isa = PBXFileReference; lastKnownFileType = wrapper.framework; name = WidgetKit.framework; path = System/Library/Frameworks/WidgetKit.framework; sourceTree = SDKROOT; };
		5996E2C5301E4F3500D4864A /* SwiftUI.framework */ = {isa = PBXFileReference; lastKnownFileType = wrapper.framework; name = SwiftUI.framework; path = System/Library/Frameworks/SwiftUI.framework; sourceTree = SDKROOT; };
		599DD0BA302487DF00E2857C /* AppIntent.swift */ = {isa = PBXFileReference; lastKnownFileType = sourcecode.swift; path = AppIntent.swift; sourceTree = "<group>"; };
		599DD0BB302487DF00E2857C /* Assets.xcassets 10-13-37-708.xcassets */ = {isa = PBXFileReference; lastKnownFileType = folder.assetcatalog; path = "Assets.xcassets 10-13-37-708.xcassets"; sourceTree = "<group>"; };
		599DD0BC302487DF00E2857C /* Info.plist */ = {isa = PBXFileReference; lastKnownFileType = text.plist.xml; path = Info.plist; sourceTree = "<group>"; };
		599DD0BD302487DF00E2857C /* RemoteWidget.swift */ = {isa = PBXFileReference; lastKnownFileType = sourcecode.swift; path = RemoteWidget.swift; sourceTree = "<group>"; };
		599DD0BE302487DF00E2857C /* RemoteWidgetBundle.swift */ = {isa = PBXFileReference; lastKnownFileType = sourcecode.swift; path = RemoteWidgetBundle.swift; sourceTree = "<group>"; };
		599DD0BF302487DF00E2857C /* RemoteWidgetControl.swift */ = {isa = PBXFileReference; lastKnownFileType = sourcecode.swift; path = RemoteWidgetControl.swift; sourceTree = "<group>"; };
		59C324B6302479A600DB931F /* BoatRemote-Watch-App-Info.plist */ = {isa = PBXFileReference; lastKnownFileType = text.plist.xml; path = "BoatRemote-Watch-App-Info.plist"; sourceTree = "<group>"; };
		59C405C13011603700B8CEAE /* BoatRemoteWidget.app */ = {isa = PBXFileReference; explicitFileType = wrapper.application; includeInIndex = 0; path = BoatRemoteWidget.app; sourceTree = BUILT_PRODUCTS_DIR; };
		59C405C73011603700B8CEAE /* BoatRemote Watch App.app */ = {isa = PBXFileReference; explicitFileType = wrapper.application; includeInIndex = 0; path = "BoatRemote Watch App.app"; sourceTree = BUILT_PRODUCTS_DIR; };
		59F1F0A43029C46600932FEA /* README.md */ = {isa = PBXFileReference; lastKnownFileType = net.daringfireball.markdown; path = README.md; sourceTree = "<group>"; };
/* End PBXFileReference section */

/* Begin PBXFileSystemSynchronizedRootGroup section */
		59C405CB3011603700B8CEAE /* BoatRemote Watch App */ = {
			isa = PBXFileSystemSynchronizedRootGroup;
			path = "BoatRemote Watch App";
			sourceTree = "<group>";
		};
/* End PBXFileSystemSynchronizedRootGroup section */

/* Begin PBXFrameworksBuildPhase section */
		5996E2BE301E4F3500D4864A /* Frameworks */ = {
			isa = PBXFrameworksBuildPhase;
			buildActionMask = 2147483647;
			files = (
				5996E2C6301E4F3500D4864A /* SwiftUI.framework in Frameworks */,
				5996E2C4301E4F3500D4864A /* WidgetKit.framework in Frameworks */,
			);
			runOnlyForDeploymentPostprocessing = 0;
		};
		59C405C43011603700B8CEAE /* Frameworks */ = {
			isa = PBXFrameworksBuildPhase;
			buildActionMask = 2147483647;
			files = (
			);
			runOnlyForDeploymentPostprocessing = 0;
		};
/* End PBXFrameworksBuildPhase section */

/* Begin PBXGroup section */
		5996E2C2301E4F3500D4864A /* Frameworks */ = {
			isa = PBXGroup;
			children = (
				5996E2C3301E4F3500D4864A /* WidgetKit.framework */,
				5996E2C5301E4F3500D4864A /* SwiftUI.framework */,
			);
			name = Frameworks;
			sourceTree = "<group>";
		};
		599DD0C0302487DF00E2857C /* BoatRemoteWidget */ = {
			isa = PBXGroup;
			children = (
				599DD0BA302487DF00E2857C /* AppIntent.swift */,
				599DD0BB302487DF00E2857C /* Assets.xcassets 10-13-37-708.xcassets */,
				599DD0BC302487DF00E2857C /* Info.plist */,
				599DD0BD302487DF00E2857C /* RemoteWidget.swift */,
				599DD0BE302487DF00E2857C /* RemoteWidgetBundle.swift */,
				599DD0BF302487DF00E2857C /* RemoteWidgetControl.swift */,
			);
			path = BoatRemoteWidget;
			sourceTree = "<group>";
		};
		59C405BA3011603700B8CEAE = {
			isa = PBXGroup;
			children = (
				59F1F0A43029C46600932FEA /* README.md */,
				59C405CB3011603700B8CEAE /* BoatRemote Watch App */,
				5996E2C2301E4F3500D4864A /* Frameworks */,
				59C405C23011603700B8CEAE /* Products */,
				59C324B6302479A600DB931F /* BoatRemote-Watch-App-Info.plist */,
				599DD0C0302487DF00E2857C /* BoatRemoteWidget */,
			);
			sourceTree = "<group>";
		};
		59C405C23011603700B8CEAE /* Products */ = {
			isa = PBXGroup;
			children = (
				59C405C13011603700B8CEAE /* BoatRemoteWidget.app */,
				59C405C73011603700B8CEAE /* BoatRemote Watch App.app */,
				5996E2C1301E4F3500D4864A /* RemoteExtension.appex */,
			);
			name = Products;
			sourceTree = "<group>";
		};
/* End PBXGroup section */

/* Begin PBXNativeTarget section */
		5996E2C0301E4F3500D4864A /* RemoteExtension */ = {
			isa = PBXNativeTarget;
			buildConfigurationList = 5996E2D7301E4F3700D4864A /* Build configuration list for PBXNativeTarget "RemoteExtension" */;
			buildPhases = (
				5996E2BD301E4F3500D4864A /* Sources */,
				5996E2BE301E4F3500D4864A /* Frameworks */,
				5996E2BF301E4F3500D4864A /* Resources */,
			);
			buildRules = (
			);
			dependencies = (
			);
			name = RemoteExtension;
			packageProductDependencies = (
			);
			productName = RemoteExtension;
			productReference = 5996E2C1301E4F3500D4864A /* RemoteExtension.appex */;
			productType = "com.apple.product-type.app-extension";
		};
		59C405C03011603700B8CEAE /* BoatRemoteWidget */ = {
			isa = PBXNativeTarget;
			buildConfigurationList = 59C405D83011603A00B8CEAE /* Build configuration list for PBXNativeTarget "BoatRemoteWidget" */;
			buildPhases = (
				59C405BF3011603700B8CEAE /* Resources */,
				59C405D73011603A00B8CEAE /* Embed Watch Content */,
			);
			buildRules = (
			);
			dependencies = (
				59C405CA3011603700B8CEAE /* PBXTargetDependency */,
			);
			name = BoatRemoteWidget;
			packageProductDependencies = (
			);
			productName = BoatRemote;
			productReference = 59C405C13011603700B8CEAE /* BoatRemoteWidget.app */;
			productType = "com.apple.product-type.application.watchapp2-container";
		};
		59C405C63011603700B8CEAE /* BoatRemote Watch App */ = {
			isa = PBXNativeTarget;
			buildConfigurationList = 59C405D43011603A00B8CEAE /* Build configuration list for PBXNativeTarget "BoatRemote Watch App" */;
			buildPhases = (
				59C405C33011603700B8CEAE /* Sources */,
				59C405C43011603700B8CEAE /* Frameworks */,
				59C405C53011603700B8CEAE /* Resources */,
				5996E2DA301E4F3700D4864A /* Embed Foundation Extensions */,
			);
			buildRules = (
			);
			dependencies = (
				5996E2D4301E4F3700D4864A /* PBXTargetDependency */,
			);
			fileSystemSynchronizedGroups = (
				59C405CB3011603700B8CEAE /* BoatRemote Watch App */,
			);
			name = "BoatRemote Watch App";
			packageProductDependencies = (
			);
			productName = "BoatRemote Watch App";
			productReference = 59C405C73011603700B8CEAE /* BoatRemote Watch App.app */;
			productType = "com.apple.product-type.application";
		};
/* End PBXNativeTarget section */

/* Begin PBXProject section */
		59C405BB3011603700B8CEAE /* Project object */ = {
			isa = PBXProject;
			attributes = {
				BuildIndependentTargetsInParallel = 1;
				LastSwiftUpdateCheck = 2660;
				LastUpgradeCheck = 2660;
				TargetAttributes = {
					5996E2C0301E4F3500D4864A = {
						CreatedOnToolsVersion = 26.6;
					};
					59C405C03011603700B8CEAE = {
						CreatedOnToolsVersion = 26.6;
					};
					59C405C63011603700B8CEAE = {
						CreatedOnToolsVersion = 26.6;
					};
				};
			};
			buildConfigurationList = 59C405BE3011603700B8CEAE /* Build configuration list for PBXProject "BoatRemote" */;
			developmentRegion = en;
			hasScannedForEncodings = 0;
			knownRegions = (
				en,
				Base,
			);
			mainGroup = 59C405BA3011603700B8CEAE;
			minimizedProjectReferenceProxies = 1;
			preferredProjectObjectVersion = 77;
			productRefGroup = 59C405C23011603700B8CEAE /* Products */;
			projectDirPath = "";
			projectRoot = "";
			targets = (
				59C405C03011603700B8CEAE /* BoatRemoteWidget */,
				59C405C63011603700B8CEAE /* BoatRemote Watch App */,
				5996E2C0301E4F3500D4864A /* RemoteExtension */,
			);
		};
/* End PBXProject section */

/* Begin PBXResourcesBuildPhase section */
		5996E2BF301E4F3500D4864A /* Resources */ = {
			isa = PBXResourcesBuildPhase;
			buildActionMask = 2147483647;
			files = (
			);
			runOnlyForDeploymentPostprocessing = 0;
		};
		59C405BF3011603700B8CEAE /* Resources */ = {
			isa = PBXResourcesBuildPhase;
			buildActionMask = 2147483647;
			files = (
				599DD0C2302487DF00E2857C /* Assets.xcassets 10-13-37-708.xcassets in Resources */,
			);
			runOnlyForDeploymentPostprocessing = 0;
		};
		59C405C53011603700B8CEAE /* Resources */ = {
			isa = PBXResourcesBuildPhase;
			buildActionMask = 2147483647;
			files = (
			);
			runOnlyForDeploymentPostprocessing = 0;
		};
/* End PBXResourcesBuildPhase section */

/* Begin PBXSourcesBuildPhase section */
		5996E2BD301E4F3500D4864A /* Sources */ = {
			isa = PBXSourcesBuildPhase;
			buildActionMask = 2147483647;
			files = (
				592DE24830248DF000A6C486 /* RemoteWidgetControl.swift in Sources */,
				592DE24930248DF000A6C486 /* RemoteWidget.swift in Sources */,
				592DE24A30248DF000A6C486 /* RemoteWidgetBundle.swift in Sources */,
				592DE24B30248DF000A6C486 /* AppIntent.swift in Sources */,
			);
			runOnlyForDeploymentPostprocessing = 0;
		};
		59C405C33011603700B8CEAE /* Sources */ = {
			isa = PBXSourcesBuildPhase;
			buildActionMask = 2147483647;
			files = (
			);
			runOnlyForDeploymentPostprocessing = 0;
		};
/* End PBXSourcesBuildPhase section */

/* Begin PBXTargetDependency section */
		5996E2D4301E4F3700D4864A /* PBXTargetDependency */ = {
			isa = PBXTargetDependency;
			target = 5996E2C0301E4F3500D4864A /* RemoteExtension */;
			targetProxy = 5996E2D3301E4F3700D4864A /* PBXContainerItemProxy */;
		};
		59C405CA3011603700B8CEAE /* PBXTargetDependency */ = {
			isa = PBXTargetDependency;
			target = 59C405C63011603700B8CEAE /* BoatRemote Watch App */;
			targetProxy = 59C405C93011603700B8CEAE /* PBXContainerItemProxy */;
		};
/* End PBXTargetDependency section */

/* Begin XCBuildConfiguration section */
		5996E2D8301E4F3700D4864A /* Debug */ = {
			isa = XCBuildConfiguration;
			buildSettings = {
				ASSETCATALOG_COMPILER_GLOBAL_ACCENT_COLOR_NAME = AccentColor;
				ASSETCATALOG_COMPILER_WIDGET_BACKGROUND_COLOR_NAME = WidgetBackground;
				CODE_SIGN_STYLE = Automatic;
				CURRENT_PROJECT_VERSION = 4;
				DEVELOPMENT_TEAM = 8YVJ92BHC4;
				GENERATE_INFOPLIST_FILE = YES;
				INFOPLIST_FILE = BoatRemoteWidget/Info.plist;
				INFOPLIST_KEY_CFBundleDisplayName = Remote;
				INFOPLIST_KEY_NSHumanReadableCopyright = "";
				LD_RUNPATH_SEARCH_PATHS = (
					"$(inherited)",
					"@executable_path/Frameworks",
					"@executable_path/../../Frameworks",
					"@executable_path/../../../../Frameworks",
				);
				MARKETING_VERSION = 2.0;
				PRODUCT_BUNDLE_IDENTIFIER = se.philip.BoatRemote.watchkitapp.Remote;
				PRODUCT_NAME = "$(TARGET_NAME)";
				SDKROOT = watchos;
				SKIP_INSTALL = YES;
				STRING_CATALOG_GENERATE_SYMBOLS = YES;
				SWIFT_APPROACHABLE_CONCURRENCY = YES;
				SWIFT_EMIT_LOC_STRINGS = YES;
				SWIFT_UPCOMING_FEATURE_MEMBER_IMPORT_VISIBILITY = YES;
				SWIFT_VERSION = 5.0;
				TARGETED_DEVICE_FAMILY = 4;
				WATCHOS_DEPLOYMENT_TARGET = 26.5;
			};
			name = Debug;
		};
		5996E2D9301E4F3700D4864A /* Release */ = {
			isa = XCBuildConfiguration;
			buildSettings = {
				ASSETCATALOG_COMPILER_GLOBAL_ACCENT_COLOR_NAME = AccentColor;
				ASSETCATALOG_COMPILER_WIDGET_BACKGROUND_COLOR_NAME = WidgetBackground;
				CODE_SIGN_STYLE = Automatic;
				CURRENT_PROJECT_VERSION = 4;
				DEVELOPMENT_TEAM = 8YVJ92BHC4;
				GENERATE_INFOPLIST_FILE = YES;
				INFOPLIST_FILE = BoatRemoteWidget/Info.plist;
				INFOPLIST_KEY_CFBundleDisplayName = Remote;
				INFOPLIST_KEY_NSHumanReadableCopyright = "";
				LD_RUNPATH_SEARCH_PATHS = (
					"$(inherited)",
					"@executable_path/Frameworks",
					"@executable_path/../../Frameworks",
					"@executable_path/../../../../Frameworks",
				);
				MARKETING_VERSION = 2.0;
				PRODUCT_BUNDLE_IDENTIFIER = se.philip.BoatRemote.watchkitapp.Remote;
				PRODUCT_NAME = "$(TARGET_NAME)";
				SDKROOT = watchos;
				SKIP_INSTALL = YES;
				STRING_CATALOG_GENERATE_SYMBOLS = YES;
				SWIFT_APPROACHABLE_CONCURRENCY = YES;
				SWIFT_EMIT_LOC_STRINGS = YES;
				SWIFT_UPCOMING_FEATURE_MEMBER_IMPORT_VISIBILITY = YES;
				SWIFT_VERSION = 5.0;
				TARGETED_DEVICE_FAMILY = 4;
				VALIDATE_PRODUCT = YES;
				WATCHOS_DEPLOYMENT_TARGET = 26.5;
			};
			name = Release;
		};
		59C405D23011603A00B8CEAE /* Debug */ = {
			isa = XCBuildConfiguration;
			buildSettings = {
				ALWAYS_SEARCH_USER_PATHS = NO;
				ASSETCATALOG_COMPILER_GENERATE_SWIFT_ASSET_SYMBOL_EXTENSIONS = YES;
				CLANG_ANALYZER_NONNULL = YES;
				CLANG_ANALYZER_NUMBER_OBJECT_CONVERSION = YES_AGGRESSIVE;
				CLANG_CXX_LANGUAGE_STANDARD = "gnu++20";
				CLANG_ENABLE_MODULES = YES;
				CLANG_ENABLE_OBJC_ARC = YES;
				CLANG_ENABLE_OBJC_WEAK = YES;
				CLANG_WARN_BLOCK_CAPTURE_AUTORELEASING = YES;
				CLANG_WARN_BOOL_CONVERSION = YES;
				CLANG_WARN_COMMA = YES;
				CLANG_WARN_CONSTANT_CONVERSION = YES;
				CLANG_WARN_DEPRECATED_OBJC_IMPLEMENTATIONS = YES;
				CLANG_WARN_DIRECT_OBJC_ISA_USAGE = YES_ERROR;
				CLANG_WARN_DOCUMENTATION_COMMENTS = YES;
				CLANG_WARN_EMPTY_BODY = YES;
				CLANG_WARN_ENUM_CONVERSION = YES;
				CLANG_WARN_INFINITE_RECURSION = YES;
				CLANG_WARN_INT_CONVERSION = YES;
				CLANG_WARN_NON_LITERAL_NULL_CONVERSION = YES;
				CLANG_WARN_OBJC_IMPLICIT_RETAIN_SELF = YES;
				CLANG_WARN_OBJC_LITERAL_CONVERSION = YES;
				CLANG_WARN_OBJC_ROOT_CLASS = YES_ERROR;
				CLANG_WARN_QUOTED_INCLUDE_IN_FRAMEWORK_HEADER = YES;
				CLANG_WARN_RANGE_LOOP_ANALYSIS = YES;
				CLANG_WARN_STRICT_PROTOTYPES = YES;
				CLANG_WARN_SUSPICIOUS_MOVE = YES;
				CLANG_WARN_UNGUARDED_AVAILABILITY = YES_AGGRESSIVE;
				CLANG_WARN_UNREACHABLE_CODE = YES;
				CLANG_WARN__DUPLICATE_METHOD_MATCH = YES;
				COPY_PHASE_STRIP = NO;
				DEBUG_INFORMATION_FORMAT = dwarf;
				ENABLE_STRICT_OBJC_MSGSEND = YES;
				ENABLE_TESTABILITY = YES;
				ENABLE_USER_SCRIPT_SANDBOXING = YES;
				GCC_C_LANGUAGE_STANDARD = gnu17;
				GCC_DYNAMIC_NO_PIC = NO;
				GCC_NO_COMMON_BLOCKS = YES;
				GCC_OPTIMIZATION_LEVEL = 0;
				GCC_PREPROCESSOR_DEFINITIONS = (
					"DEBUG=1",
					"$(inherited)",
				);
				GCC_WARN_64_TO_32_BIT_CONVERSION = YES;
				GCC_WARN_ABOUT_RETURN_TYPE = YES_ERROR;
				GCC_WARN_UNDECLARED_SELECTOR = YES;
				GCC_WARN_UNINITIALIZED_AUTOS = YES_AGGRESSIVE;
				GCC_WARN_UNUSED_FUNCTION = YES;
				GCC_WARN_UNUSED_VARIABLE = YES;
				LOCALIZATION_PREFERS_STRING_CATALOGS = YES;
				MTL_ENABLE_DEBUG_INFO = INCLUDE_SOURCE;
				MTL_FAST_MATH = YES;
				ONLY_ACTIVE_ARCH = YES;
				SWIFT_ACTIVE_COMPILATION_CONDITIONS = "DEBUG $(inherited)";
				SWIFT_OPTIMIZATION_LEVEL = "-Onone";
			};
			name = Debug;
		};
		59C405D33011603A00B8CEAE /* Release */ = {
			isa = XCBuildConfiguration;
			buildSettings = {
				ALWAYS_SEARCH_USER_PATHS = NO;
				ASSETCATALOG_COMPILER_GENERATE_SWIFT_ASSET_SYMBOL_EXTENSIONS = YES;
				CLANG_ANALYZER_NONNULL = YES;
				CLANG_ANALYZER_NUMBER_OBJECT_CONVERSION = YES_AGGRESSIVE;
				CLANG_CXX_LANGUAGE_STANDARD = "gnu++20";
				CLANG_ENABLE_MODULES = YES;
				CLANG_ENABLE_OBJC_ARC = YES;
				CLANG_ENABLE_OBJC_WEAK = YES;
				CLANG_WARN_BLOCK_CAPTURE_AUTORELEASING = YES;
				CLANG_WARN_BOOL_CONVERSION = YES;
				CLANG_WARN_COMMA = YES;
				CLANG_WARN_CONSTANT_CONVERSION = YES;
				CLANG_WARN_DEPRECATED_OBJC_IMPLEMENTATIONS = YES;
				CLANG_WARN_DIRECT_OBJC_ISA_USAGE = YES_ERROR;
				CLANG_WARN_DOCUMENTATION_COMMENTS = YES;
				CLANG_WARN_EMPTY_BODY = YES;
				CLANG_WARN_ENUM_CONVERSION = YES;
				CLANG_WARN_INFINITE_RECURSION = YES;
				CLANG_WARN_INT_CONVERSION = YES;
				CLANG_WARN_NON_LITERAL_NULL_CONVERSION = YES;
				CLANG_WARN_OBJC_IMPLICIT_RETAIN_SELF = YES;
				CLANG_WARN_OBJC_LITERAL_CONVERSION = YES;
				CLANG_WARN_OBJC_ROOT_CLASS = YES_ERROR;
				CLANG_WARN_QUOTED_INCLUDE_IN_FRAMEWORK_HEADER = YES;
				CLANG_WARN_RANGE_LOOP_ANALYSIS = YES;
				CLANG_WARN_STRICT_PROTOTYPES = YES;
				CLANG_WARN_SUSPICIOUS_MOVE = YES;
				CLANG_WARN_UNGUARDED_AVAILABILITY = YES_AGGRESSIVE;
				CLANG_WARN_UNREACHABLE_CODE = YES;
				CLANG_WARN__DUPLICATE_METHOD_MATCH = YES;
				COPY_PHASE_STRIP = NO;
				DEBUG_INFORMATION_FORMAT = "dwarf-with-dsym";
				ENABLE_NS_ASSERTIONS = NO;
				ENABLE_STRICT_OBJC_MSGSEND = YES;
				ENABLE_USER_SCRIPT_SANDBOXING = YES;
				GCC_C_LANGUAGE_STANDARD = gnu17;
				GCC_NO_COMMON_BLOCKS = YES;
				GCC_WARN_64_TO_32_BIT_CONVERSION = YES;
				GCC_WARN_ABOUT_RETURN_TYPE = YES_ERROR;
				GCC_WARN_UNDECLARED_SELECTOR = YES;
				GCC_WARN_UNINITIALIZED_AUTOS = YES_AGGRESSIVE;
				GCC_WARN_UNUSED_FUNCTION = YES;
				GCC_WARN_UNUSED_VARIABLE = YES;
				LOCALIZATION_PREFERS_STRING_CATALOGS = YES;
				MTL_ENABLE_DEBUG_INFO = NO;
				MTL_FAST_MATH = YES;
				SWIFT_COMPILATION_MODE = wholemodule;
			};
			name = Release;
		};
		59C405D53011603A00B8CEAE /* Debug */ = {
			isa = XCBuildConfiguration;
			buildSettings = {
				ASSETCATALOG_COMPILER_APPICON_NAME = AppIcon;
				ASSETCATALOG_COMPILER_GLOBAL_ACCENT_COLOR_NAME = AccentColor;
				CODE_SIGN_STYLE = Automatic;
				CURRENT_PROJECT_VERSION = 4;
				DEVELOPMENT_TEAM = 8YVJ92BHC4;
				ENABLE_PREVIEWS = YES;
				GENERATE_INFOPLIST_FILE = YES;
				INFOPLIST_FILE = "BoatRemote-Watch-App-Info.plist";
				INFOPLIST_KEY_CFBundleDisplayName = BoatRemote;
				INFOPLIST_KEY_LSApplicationCategoryType = "";
				INFOPLIST_KEY_NSLocalNetworkUsageDescription = _http._tcp;
				INFOPLIST_KEY_UISupportedInterfaceOrientations = "UIInterfaceOrientationPortrait UIInterfaceOrientationPortraitUpsideDown";
				INFOPLIST_KEY_WKWatchOnly = YES;
				LD_RUNPATH_SEARCH_PATHS = (
					"$(inherited)",
					"@executable_path/Frameworks",
				);
				MARKETING_VERSION = 2.0;
				PRODUCT_BUNDLE_IDENTIFIER = se.philip.BoatRemote.watchkitapp;
				PRODUCT_NAME = "$(TARGET_NAME)";
				SDKROOT = watchos;
				SKIP_INSTALL = YES;
				STRING_CATALOG_GENERATE_SYMBOLS = YES;
				SWIFT_APPROACHABLE_CONCURRENCY = YES;
				SWIFT_DEFAULT_ACTOR_ISOLATION = MainActor;
				SWIFT_EMIT_LOC_STRINGS = YES;
				SWIFT_UPCOMING_FEATURE_MEMBER_IMPORT_VISIBILITY = YES;
				SWIFT_VERSION = 5.0;
				TARGETED_DEVICE_FAMILY = 4;
				WATCHOS_DEPLOYMENT_TARGET = 26.5;
			};
			name = Debug;
		};
		59C405D63011603A00B8CEAE /* Release */ = {
			isa = XCBuildConfiguration;
			buildSettings = {
				ASSETCATALOG_COMPILER_APPICON_NAME = AppIcon;
				ASSETCATALOG_COMPILER_GLOBAL_ACCENT_COLOR_NAME = AccentColor;
				CODE_SIGN_STYLE = Automatic;
				CURRENT_PROJECT_VERSION = 4;
				DEVELOPMENT_TEAM = 8YVJ92BHC4;
				ENABLE_PREVIEWS = YES;
				GENERATE_INFOPLIST_FILE = YES;
				INFOPLIST_FILE = "BoatRemote-Watch-App-Info.plist";
				INFOPLIST_KEY_CFBundleDisplayName = BoatRemote;
				INFOPLIST_KEY_LSApplicationCategoryType = "";
				INFOPLIST_KEY_NSLocalNetworkUsageDescription = _http._tcp;
				INFOPLIST_KEY_UISupportedInterfaceOrientations = "UIInterfaceOrientationPortrait UIInterfaceOrientationPortraitUpsideDown";
				INFOPLIST_KEY_WKWatchOnly = YES;
				LD_RUNPATH_SEARCH_PATHS = (
					"$(inherited)",
					"@executable_path/Frameworks",
				);
				MARKETING_VERSION = 2.0;
				PRODUCT_BUNDLE_IDENTIFIER = se.philip.BoatRemote.watchkitapp;
				PRODUCT_NAME = "$(TARGET_NAME)";
				SDKROOT = watchos;
				SKIP_INSTALL = YES;
				STRING_CATALOG_GENERATE_SYMBOLS = YES;
				SWIFT_APPROACHABLE_CONCURRENCY = YES;
				SWIFT_DEFAULT_ACTOR_ISOLATION = MainActor;
				SWIFT_EMIT_LOC_STRINGS = YES;
				SWIFT_UPCOMING_FEATURE_MEMBER_IMPORT_VISIBILITY = YES;
				SWIFT_VERSION = 5.0;
				TARGETED_DEVICE_FAMILY = 4;
				VALIDATE_PRODUCT = YES;
				WATCHOS_DEPLOYMENT_TARGET = 26.5;
			};
			name = Release;
		};
		59C405D93011603A00B8CEAE /* Debug */ = {
			isa = XCBuildConfiguration;
			buildSettings = {
				CODE_SIGN_STYLE = Automatic;
				CURRENT_PROJECT_VERSION = 4;
				DEVELOPMENT_TEAM = 8YVJ92BHC4;
				INFOPLIST_FILE = BoatRemoteWidget/Info.plist;
				INFOPLIST_KEY_CFBundleDisplayName = BoatRemote;
				IPHONEOS_DEPLOYMENT_TARGET = 26.0;
				MARKETING_VERSION = 2.0;
				PRODUCT_BUNDLE_IDENTIFIER = se.philip.BoatRemote;
				PRODUCT_NAME = "$(TARGET_NAME)";
				SDKROOT = iphoneos;
				SWIFT_APPROACHABLE_CONCURRENCY = YES;
				SWIFT_UPCOMING_FEATURE_MEMBER_IMPORT_VISIBILITY = YES;
				SWIFT_VERSION = 5.0;
			};
			name = Debug;
		};
		59C405DA3011603A00B8CEAE /* Release */ = {
			isa = XCBuildConfiguration;
			buildSettings = {
				CODE_SIGN_STYLE = Automatic;
				CURRENT_PROJECT_VERSION = 4;
				DEVELOPMENT_TEAM = 8YVJ92BHC4;
				INFOPLIST_FILE = BoatRemoteWidget/Info.plist;
				INFOPLIST_KEY_CFBundleDisplayName = BoatRemote;
				IPHONEOS_DEPLOYMENT_TARGET = 26.0;
				MARKETING_VERSION = 2.0;
				PRODUCT_BUNDLE_IDENTIFIER = se.philip.BoatRemote;
				PRODUCT_NAME = "$(TARGET_NAME)";
				SDKROOT = iphoneos;
				SWIFT_APPROACHABLE_CONCURRENCY = YES;
				SWIFT_UPCOMING_FEATURE_MEMBER_IMPORT_VISIBILITY = YES;
				SWIFT_VERSION = 5.0;
				VALIDATE_PRODUCT = YES;
			};
			name = Release;
		};
/* End XCBuildConfiguration section */

/* Begin XCConfigurationList section */
		5996E2D7301E4F3700D4864A /* Build configuration list for PBXNativeTarget "RemoteExtension" */ = {
			isa = XCConfigurationList;
			buildConfigurations = (
				5996E2D8301E4F3700D4864A /* Debug */,
				5996E2D9301E4F3700D4864A /* Release */,
			);
			defaultConfigurationIsVisible = 0;
			defaultConfigurationName = Release;
		};
		59C405BE3011603700B8CEAE /* Build configuration list for PBXProject "BoatRemote" */ = {
			isa = XCConfigurationList;
			buildConfigurations = (
				59C405D23011603A00B8CEAE /* Debug */,
				59C405D33011603A00B8CEAE /* Release */,
			);
			defaultConfigurationIsVisible = 0;
			defaultConfigurationName = Release;
		};
		59C405D43011603A00B8CEAE /* Build configuration list for PBXNativeTarget "BoatRemote Watch App" */ = {
			isa = XCConfigurationList;
			buildConfigurations = (
				59C405D53011603A00B8CEAE /* Debug */,
				59C405D63011603A00B8CEAE /* Release */,
			);
			defaultConfigurationIsVisible = 0;
			defaultConfigurationName = Release;
		};
		59C405D83011603A00B8CEAE /* Build configuration list for PBXNativeTarget "BoatRemoteWidget" */ = {
			isa = XCConfigurationList;
			buildConfigurations = (
				59C405D93011603A00B8CEAE /* Debug */,
				59C405DA3011603A00B8CEAE /* Release */,
			);
			defaultConfigurationIsVisible = 0;
			defaultConfigurationName = Release;
		};
/* End XCConfigurationList section */
	};
	rootObject = 59C405BB3011603700B8CEAE /* Project object */;
}
